{
  "name": "quod-client",
  "version": "0.1.0",
  "lockfileVersion": 3,
  "requires": true,
  "packages": {
    "": {
      "name": "quod-client",
      "version": "0.1.0",
      "dependencies": {
        "@babylonjs/core": "9.18.1"
      }
    },
    "node_modules/@babylonjs/core": {
      "version": "9.18.1",
      "resolved": "https://registry.npmjs.org/@babylonjs/core/-/core-9.18.1.tgz",
      "integrity": "sha512-i0vnC6twHXhg2CmD+PSboRLUcTO4kxhrYvT1mY90zEqezM06QyL2Stix2u1YJ0y607fYdIl5XJuyfmPdbJfZSw==",
      "license": "Apache-2.0"
    }
  }
}
