{"1.2.0",
[{<<"erlog">>,
  {git,"https://github.com/netboz/erlog.git",
       {ref,"e0bcbec2af5a47b8e8a0b2d98277992968a23f48"}},
  0},
 {<<"gproc">>,{pkg,<<"gproc">>,<<"0.9.1">>},0},
 {<<"quic">>,{pkg,<<"quic">>,<<"1.6.5">>},0}]}.
[
{pkg_hash,[
 {<<"gproc">>, <<"F1DF0364423539CF0B80E8201C8B1839E229E5F9B3CCB944C5834626998F5B8C">>},
 {<<"quic">>, <<"28B7D49C1732B2DE3861701BB03AE7798537240552370AC49F0D139D2EA8F621">>}]},
{pkg_hash_ext,[
 {<<"gproc">>, <<"905088E32E72127ED9466F0BAC0D8E65704CA5E73EE5A62CB073C3117916D507">>},
 {<<"quic">>, <<"DE1A88972C33201A50D1A17C8C4A14528BD1D8F25EF705897D680AE312D0AA78">>}]}
].
