{"1.2.0",
[{<<"erlog">>,
  {git,"https://github.com/netboz/erlog.git",
       {ref,"e0bcbec2af5a47b8e8a0b2d98277992968a23f48"}},
  0},
 {<<"gproc">>,{pkg,<<"gproc">>,<<"0.9.1">>},0},
 {<<"quicer">>,{pkg,<<"quicer">>,<<"0.4.3">>},0},
 {<<"snabbkaffe">>,{pkg,<<"snabbkaffe">>,<<"1.0.10">>},1}]}.
[
{pkg_hash,[
 {<<"gproc">>, <<"F1DF0364423539CF0B80E8201C8B1839E229E5F9B3CCB944C5834626998F5B8C">>},
 {<<"quicer">>, <<"407F19063A58023F75884F7A999813A96CA01A322148450E608DD9B6C63D5A42">>},
 {<<"snabbkaffe">>, <<"9BE2F54F61FC6862391B666B2B5B76C3FA53598E2989A17CEF1B48CF347A8A63">>}]},
{pkg_hash_ext,[
 {<<"gproc">>, <<"905088E32E72127ED9466F0BAC0D8E65704CA5E73EE5A62CB073C3117916D507">>},
 {<<"quicer">>, <<"DB5C34662B3E158AE176A08A655678F524D2A6F55BF183E2F08A2ED5D9333939">>},
 {<<"snabbkaffe">>, <<"70A98DF36AE756908D55B5770891D443D63C903833E3E87D544036E13D4FAC26">>}]}
].
