{"1.2.0",
[{<<"accept">>,{pkg,<<"accept">>,<<"0.3.7">>},1},
 {<<"acceptor_pool">>,{pkg,<<"acceptor_pool">>,<<"1.0.1">>},2},
 {<<"chatterbox">>,{pkg,<<"ts_chatterbox">>,<<"0.16.0">>},2},
 {<<"cowboy">>,{pkg,<<"cowboy">>,<<"2.12.0">>},0},
 {<<"cowlib">>,{pkg,<<"cowlib">>,<<"2.13.0">>},1},
 {<<"ctx">>,{pkg,<<"ctx">>,<<"0.6.0">>},2},
 {<<"erlang_qq">>,
  {git,"https://github.com/k32/erlang_qq.git",
       {ref,"21fe46d8c03ce2f65733aadf3ad97b7bb7edea28"}},
  2},
 {<<"erlog">>,
  {git,"https://github.com/netboz/erlog.git",
       {ref,"9942191f9a14e93ffcf0f8c60acfe7678051ab6f"}},
  0},
 {<<"getopt">>,{pkg,<<"getopt">>,<<"1.0.3">>},1},
 {<<"gproc">>,{pkg,<<"gproc">>,<<"0.9.1">>},0},
 {<<"grpcbox">>,{pkg,<<"grpcbox">>,<<"0.18.0">>},1},
 {<<"hocon">>,
  {git,"https://github.com/emqx/hocon.git",
       {ref,"e41c46fb8ddc34ca50500322eee81d2758606a22"}},
  0},
 {<<"hpack">>,{pkg,<<"hpack_erl">>,<<"0.3.0">>},3},
 {<<"opentelemetry">>,{pkg,<<"opentelemetry">>,<<"1.7.0">>},0},
 {<<"opentelemetry_api">>,{pkg,<<"opentelemetry_api">>,<<"1.5.0">>},0},
 {<<"opentelemetry_exporter">>,
  {pkg,<<"opentelemetry_exporter">>,<<"1.10.0">>},
  0},
 {<<"prometheus">>,{pkg,<<"prometheus">>,<<"4.11.0">>},0},
 {<<"prometheus_httpd">>,{pkg,<<"prometheus_httpd">>,<<"2.1.15">>},0},
 {<<"quantile_estimator">>,{pkg,<<"quantile_estimator">>,<<"0.2.1">>},1},
 {<<"quic">>,
  {git,"https://github.com/netboz/erlang_quic.git",
       {ref,"78212bbd705faffa88fce6b6fd69b664015ded1f"}},
  0},
 {<<"ranch">>,{pkg,<<"ranch">>,<<"1.8.0">>},1},
 {<<"ssl_verify_fun">>,{pkg,<<"ssl_verify_fun">>,<<"1.1.7">>},2},
 {<<"tls_certificate_check">>,
  {pkg,<<"tls_certificate_check">>,<<"1.33.0">>},
  1},
 {<<"typerefl">>,
  {git,"https://github.com/ieQu1/typerefl.git",
       {ref,"7b169a4b920c6d652e2ac165f6e669245cc9a3ac"}},
  1}]}.
[
{pkg_hash,[
 {<<"accept">>, <<"CD6E34A2D7E28CA38B2D3CB233734CA0C221EFBC1F171F91FEC5F162CC2D18DA">>},
 {<<"acceptor_pool">>, <<"D88C2E8A0BE9216CF513FBCD3E5A4BEB36BEE3FF4168E85D6152C6F899359CDB">>},
 {<<"chatterbox">>, <<"9D062F566235B6DEB5FF94C4A4EB332B7CFF28D9CCF281B91DE10FE74E1F59FE">>},
 {<<"cowboy">>, <<"F276D521A1FF88B2B9B4C54D0E753DA6C66DD7BE6C9FCA3D9418B561828A3731">>},
 {<<"cowlib">>, <<"DB8F7505D8332D98EF50A3EF34B34C1AFDDEC7506E4EE4DD4A3A266285D282CA">>},
 {<<"ctx">>, <<"8FF88B70E6400C4DF90142E7F130625B82086077A45364A78D208ED3ED53C7FE">>},
 {<<"getopt">>, <<"4F3320C1F6F26B2BEC0F6C6446B943EB927A1E6428EA279A1C6C534906EE79F1">>},
 {<<"gproc">>, <<"F1DF0364423539CF0B80E8201C8B1839E229E5F9B3CCB944C5834626998F5B8C">>},
 {<<"grpcbox">>, <<"CCC14EC546509E0952D406EF626C5856B68D36A40BE6040FA444B375B33BD14F">>},
 {<<"hpack">>, <<"2461899CC4AB6A0EF8E970C1661C5FC6A52D3C25580BC6DD204F84CE94669926">>},
 {<<"opentelemetry">>, <<"20D0F12D3D1C398D3670FD44FD1A7C495DD748AB3E5B692A7906662E2FB1A38A">>},
 {<<"opentelemetry_api">>, <<"1A676F3E3340CAB81C763E939A42E11A70C22863F645AA06AAFEFC689B5550CF">>},
 {<<"opentelemetry_exporter">>, <<"972E142392DBFA679EC959914664ADEFEA38399E4F56CEBA5C473E1CABDBAD79">>},
 {<<"prometheus">>, <<"B95F8DE8530F541BD95951E18E355A840003672E5EDA4788C5FA6183406BA29A">>},
 {<<"prometheus_httpd">>, <<"8F767D819A5D36275EAB9264AFF40D87279151646776069BF69FBDBBD562BD75">>},
 {<<"quantile_estimator">>, <<"EF50A361F11B5F26B5F16D0696E46A9E4661756492C981F7B2229EF42FF1CD15">>},
 {<<"ranch">>, <<"8C7A100A139FD57F17327B6413E4167AC559FBC04CA7448E9BE9057311597A1D">>},
 {<<"ssl_verify_fun">>, <<"354C321CF377240C7B8716899E182CE4890C5938111A1296ADD3EC74CF1715DF">>},
 {<<"tls_certificate_check">>, <<"01E0822A2EBB0B207C4964E8D32AD8B1B8CE1CAF58F446E53F816D06DB953DE4">>}]},
{pkg_hash_ext,[
 {<<"accept">>, <<"CA69388943F5DAD2E7232A5478F16086E3C872F48E32B88B378E1885A59F5649">>},
 {<<"acceptor_pool">>, <<"F172F3D74513E8EDD445C257D596FC84DBDD56D2C6FA287434269648AE5A421E">>},
 {<<"chatterbox">>, <<"34C145C702F3A8D22F49A189EB34579EF3DB68F9A98A82D19B5CF6E390AAD54F">>},
 {<<"cowboy">>, <<"8A7ABE6D183372CEB21CAA2709BEC928AB2B72E18A3911AA1771639BEF82651E">>},
 {<<"cowlib">>, <<"E1E1284DC3FC030A64B1AD0D8382AE7E99DA46C3246B815318A4B848873800A4">>},
 {<<"ctx">>, <<"A14ED2D1B67723DBEBBE423B28D7615EB0BDCBA6FF28F2D1F1B0A7E1D4AA5FC2">>},
 {<<"getopt">>, <<"7E01DE90AC540F21494FF72792B1E3162D399966EBBFC674B4CE52CB8F49324F">>},
 {<<"gproc">>, <<"905088E32E72127ED9466F0BAC0D8E65704CA5E73EE5A62CB073C3117916D507">>},
 {<<"grpcbox">>, <<"5EC9F8FE664AB51201B32C117A61511A1F9D6316771E3891BA8A88D289A732AB">>},
 {<<"hpack">>, <<"D6137D7079169D8C485C6962DFE261AF5B9EF60FBC557344511C1E65E3D95FB0">>},
 {<<"opentelemetry">>, <<"A9173B058C4549BF824CBC2F1D2FA2ADC5CDEDC22AA3F0F826951187BBD53131">>},
 {<<"opentelemetry_api">>, <<"F53EC8A1337AE4A487D43AC89DA4BD3A3C99DDF576655D071DEED8B56A2D5DDA">>},
 {<<"opentelemetry_exporter">>, <<"33A116ED7304CB91783F779DEC02478F887C87988077BFD72840F760B8D4B952">>},
 {<<"prometheus">>, <<"719862351AABF4DF7079B05DC085D2BBCBE3AC0AC3009E956671B1D5AB88247D">>},
 {<<"prometheus_httpd">>, <<"67736D000745184D5013C58A63E947821AB90CB9320BC2E6AE5D3061C6FFE039">>},
 {<<"quantile_estimator">>, <<"282A8A323CA2A845C9E6F787D166348F776C1D4A41EDE63046D72D422E3DA946">>},
 {<<"ranch">>, <<"49FBCFD3682FAB1F5D109351B61257676DA1A2FDBE295904176D5E521A2DDFE5">>},
 {<<"ssl_verify_fun">>, <<"FE4C190E8F37401D30167C8C405EDA19469F34577987C76DDE613E838BBC67F8">>},
 {<<"tls_certificate_check">>, <<"CAB9A7439E2DBFE91B38104F2D8A4B6D61DBC4D3A5AD59AC364713A88C6CFD9B">>}]}
].
